
Microsoft Visual Studio Solution File, Format Version 12.00
# Visual Studio 15
VisualStudioVersion = 15.0.28307.757
MinimumVisualStudioVersion = 10.0.40219.1
Project("{FAE04EC0-301F-11D3-BF4B-00C04F79EFBC}") = "ConsoleApp2", "ConsoleApp2\ConsoleApp2.csproj", "{342235D6-BF41-4144-95A8-150DE764E326}"
EndProject
Project("{FAE04EC0-301F-11D3-BF4B-00C04F79EFBC}") = "ConsoleApp1", "ConsoleApp1\ConsoleApp1.csproj", "{82460E9E-A0C0-4A55-B943-607CBEC205CC}"
EndProject
Global
	GlobalSection(SolutionConfigurationPlatforms) = preSolution
		Debug|Any CPU = Debug|Any CPU
		Release|Any CPU = Release|Any CPU
	EndGlobalSection
	GlobalSection(ProjectConfigurationPlatforms) = postSolution
		{342235D6-BF41-4144-95A8-150DE764E326}.Debug|Any CPU.ActiveCfg = Debug|Any CPU
		{342235D6-BF41-4144-95A8-150DE764E326}.Debug|Any CPU.Build.0 = Debug|Any CPU
		{342235D6-BF41-4144-95A8-150DE764E326}.Release|Any CPU.ActiveCfg = Release|Any CPU
		{342235D6-BF41-4144-95A8-150DE764E326}.Release|Any CPU.Build.0 = Release|Any CPU
		{82460E9E-A0C0-4A55-B943-607CBEC205CC}.Debug|Any CPU.ActiveCfg = Debug|Any CPU
		{82460E9E-A0C0-4A55-B943-607CBEC205CC}.Debug|Any CPU.Build.0 = Debug|Any CPU
		{82460E9E-A0C0-4A55-B943-607CBEC205CC}.Release|Any CPU.ActiveCfg = Release|Any CPU
		{82460E9E-A0C0-4A55-B943-607CBEC205CC}.Release|Any CPU.Build.0 = Release|Any CPU
	EndGlobalSection
	GlobalSection(SolutionProperties) = preSolution
		HideSolutionNode = FALSE
	EndGlobalSection
	GlobalSection(ExtensibilityGlobals) = postSolution
		SolutionGuid = {35F6CF3F-352C-4875-ABD4-BB28F8ABD694}
	EndGlobalSection
EndGlobal
