
Microsoft Visual Studio Solution File, Format Version 12.00
# Visual Studio 15
VisualStudioVersion = 15.0.28307.757
MinimumVisualStudioVersion = 10.0.40219.1
Project("{FAE04EC0-301F-11D3-BF4B-00C04F79EFBC}") = "TestMQ_Publish", "TestMQ\TestMQ_Publish.csproj", "{447044AB-B8B7-404A-BFA5-9E33F4761127}"
EndProject
Project("{FAE04EC0-301F-11D3-BF4B-00C04F79EFBC}") = "consumer", "consumer\consumer.csproj", "{15A2CB9F-E0F3-41C4-AA57-DD535288090D}"
EndProject
Global
	GlobalSection(SolutionConfigurationPlatforms) = preSolution
		Debug|Any CPU = Debug|Any CPU
		Release|Any CPU = Release|Any CPU
	EndGlobalSection
	GlobalSection(ProjectConfigurationPlatforms) = postSolution
		{447044AB-B8B7-404A-BFA5-9E33F4761127}.Debug|Any CPU.ActiveCfg = Debug|Any CPU
		{447044AB-B8B7-404A-BFA5-9E33F4761127}.Debug|Any CPU.Build.0 = Debug|Any CPU
		{447044AB-B8B7-404A-BFA5-9E33F4761127}.Release|Any CPU.ActiveCfg = Release|Any CPU
		{447044AB-B8B7-404A-BFA5-9E33F4761127}.Release|Any CPU.Build.0 = Release|Any CPU
		{15A2CB9F-E0F3-41C4-AA57-DD535288090D}.Debug|Any CPU.ActiveCfg = Debug|Any CPU
		{15A2CB9F-E0F3-41C4-AA57-DD535288090D}.Debug|Any CPU.Build.0 = Debug|Any CPU
		{15A2CB9F-E0F3-41C4-AA57-DD535288090D}.Release|Any CPU.ActiveCfg = Release|Any CPU
		{15A2CB9F-E0F3-41C4-AA57-DD535288090D}.Release|Any CPU.Build.0 = Release|Any CPU
	EndGlobalSection
	GlobalSection(SolutionProperties) = preSolution
		HideSolutionNode = FALSE
	EndGlobalSection
	GlobalSection(ExtensibilityGlobals) = postSolution
		SolutionGuid = {84F0F810-54F0-4387-9503-5EB453A40997}
	EndGlobalSection
EndGlobal
